
Microsoft Visual Studio Solution File, Format Version 12.00
# Visual Studio 14
VisualStudioVersion = 14.0.25420.1
MinimumVisualStudioVersion = 10.0.40219.1
Project("{8BC9CEB8-8B4A-11D0-8D11-00A0C91BC942}") = "lpierwsze", "lpierwsze\lpierwsze.vcxproj", "{8DE0EC0B-C6F3-4978-BD32-7490AEE864A0}"
EndProject
Project("{8BC9CEB8-8B4A-11D0-8D11-00A0C91BC942}") = "ConsoleApplication1", "ConsoleApplication1\ConsoleApplication1.vcxproj", "{54D6CAF3-E439-4617-8B90-B24FFF735B0B}"
EndProject
Project("{8BC9CEB8-8B4A-11D0-8D11-00A0C91BC942}") = "umiesz potegowac", "umiesz potegowac\umiesz potegowac.vcxproj", "{1FE9169D-DA12-4358-B5C5-4CF6B2440E57}"
EndProject
Global
	GlobalSection(SolutionConfigurationPlatforms) = preSolution
		Debug|x64 = Debug|x64
		Debug|x86 = Debug|x86
		Release|x64 = Release|x64
		Release|x86 = Release|x86
	EndGlobalSection
	GlobalSection(ProjectConfigurationPlatforms) = postSolution
		{8DE0EC0B-C6F3-4978-BD32-7490AEE864A0}.Debug|x64.ActiveCfg = Debug|x64
		{8DE0EC0B-C6F3-4978-BD32-7490AEE864A0}.Debug|x64.Build.0 = Debug|x64
		{8DE0EC0B-C6F3-4978-BD32-7490AEE864A0}.Debug|x86.ActiveCfg = Debug|Win32
		{8DE0EC0B-C6F3-4978-BD32-7490AEE864A0}.Debug|x86.Build.0 = Debug|Win32
		{8DE0EC0B-C6F3-4978-BD32-7490AEE864A0}.Release|x64.ActiveCfg = Release|x64
		{8DE0EC0B-C6F3-4978-BD32-7490AEE864A0}.Release|x64.Build.0 = Release|x64
		{8DE0EC0B-C6F3-4978-BD32-7490AEE864A0}.Release|x86.ActiveCfg = Release|Win32
		{8DE0EC0B-C6F3-4978-BD32-7490AEE864A0}.Release|x86.Build.0 = Release|Win32
		{54D6CAF3-E439-4617-8B90-B24FFF735B0B}.Debug|x64.ActiveCfg = Debug|x64
		{54D6CAF3-E439-4617-8B90-B24FFF735B0B}.Debug|x64.Build.0 = Debug|x64
		{54D6CAF3-E439-4617-8B90-B24FFF735B0B}.Debug|x86.ActiveCfg = Debug|Win32
		{54D6CAF3-E439-4617-8B90-B24FFF735B0B}.Debug|x86.Build.0 = Debug|Win32
		{54D6CAF3-E439-4617-8B90-B24FFF735B0B}.Release|x64.ActiveCfg = Release|x64
		{54D6CAF3-E439-4617-8B90-B24FFF735B0B}.Release|x64.Build.0 = Release|x64
		{54D6CAF3-E439-4617-8B90-B24FFF735B0B}.Release|x86.ActiveCfg = Release|Win32
		{54D6CAF3-E439-4617-8B90-B24FFF735B0B}.Release|x86.Build.0 = Release|Win32
		{1FE9169D-DA12-4358-B5C5-4CF6B2440E57}.Debug|x64.ActiveCfg = Debug|x64
		{1FE9169D-DA12-4358-B5C5-4CF6B2440E57}.Debug|x64.Build.0 = Debug|x64
		{1FE9169D-DA12-4358-B5C5-4CF6B2440E57}.Debug|x86.ActiveCfg = Debug|Win32
		{1FE9169D-DA12-4358-B5C5-4CF6B2440E57}.Debug|x86.Build.0 = Debug|Win32
		{1FE9169D-DA12-4358-B5C5-4CF6B2440E57}.Release|x64.ActiveCfg = Release|x64
		{1FE9169D-DA12-4358-B5C5-4CF6B2440E57}.Release|x64.Build.0 = Release|x64
		{1FE9169D-DA12-4358-B5C5-4CF6B2440E57}.Release|x86.ActiveCfg = Release|Win32
		{1FE9169D-DA12-4358-B5C5-4CF6B2440E57}.Release|x86.Build.0 = Release|Win32
	EndGlobalSection
	GlobalSection(SolutionProperties) = preSolution
		HideSolutionNode = FALSE
	EndGlobalSection
EndGlobal
